
Microsoft Visual Studio Solution File, Format Version 12.00
# Visual Studio 15
VisualStudioVersion = 15.0.28307.271
MinimumVisualStudioVersion = 10.0.40219.1
Project("{888888A0-9F3D-457C-B088-3A5042F75D52}") = "oop", "oop\oop.pyproj", "{6A0A3451-0F8E-45D3-8F4C-EBD3033C3D63}"
EndProject
Global
	GlobalSection(SolutionConfigurationPlatforms) = preSolution
		Debug|Any CPU = Debug|Any CPU
		Release|Any CPU = Release|Any CPU
	EndGlobalSection
	GlobalSection(ProjectConfigurationPlatforms) = postSolution
		{6A0A3451-0F8E-45D3-8F4C-EBD3033C3D63}.Debug|Any CPU.ActiveCfg = Debug|Any CPU
		{6A0A3451-0F8E-45D3-8F4C-EBD3033C3D63}.Release|Any CPU.ActiveCfg = Release|Any CPU
	EndGlobalSection
	GlobalSection(SolutionProperties) = preSolution
		HideSolutionNode = FALSE
	EndGlobalSection
	GlobalSection(ExtensibilityGlobals) = postSolution
		SolutionGuid = {830B1A04-7004-47A3-8802-BD47AD0BF102}
	EndGlobalSection
EndGlobal
